// !$*UTF8*$!
{
	archiveVersion = 1;
	classes = {
	};
	objectVersion = 55;
	objects = {

/* Begin PBXBuildFile section */
		262EF1D32755CE1B0093FDBF /* AddAccountView.swift in Sources */ = {isa = PBXBuildFile; fileRef = 262EF1D22755CE1B0093FDBF /* AddAccountView.swift */; };
		262EF1D52755CE4C0093FDBF /* AddPurchaseView.swift in Sources */ = {isa = PBXBuildFile; fileRef = 262EF1D42755CE4C0093FDBF /* AddPurchaseView.swift */; };
		26692D9F27537EFD005E8888 /* AccountsView.swift in Sources */ = {isa = PBXBuildFile; fileRef = 26692D9E27537EFD005E8888 /* AccountsView.swift */; };
		26692DA5275444A3005E8888 /* AccountCell.swift in Sources */ = {isa = PBXBuildFile; fileRef = 26692DA4275444A3005E8888 /* AccountCell.swift */; };
		26692DA72754458D005E8888 /* AccountItem.swift in Sources */ = {isa = PBXBuildFile; fileRef = 26692DA62754458D005E8888 /* AccountItem.swift */; };
		26692DA9275445A0005E8888 /* AccountManager.swift in Sources */ = {isa = PBXBuildFile; fileRef = 26692DA8275445A0005E8888 /* AccountManager.swift */; };
		26692DAB27545668005E8888 /* AccountView.swift in Sources */ = {isa = PBXBuildFile; fileRef = 26692DAA27545668005E8888 /* AccountView.swift */; };
		26692DAD27546DD0005E8888 /* AccPurchaseCell.swift in Sources */ = {isa = PBXBuildFile; fileRef = 26692DAC27546DD0005E8888 /* AccPurchaseCell.swift */; };
		26692DAF27546DF9005E8888 /* AccPurchaseManager.swift in Sources */ = {isa = PBXBuildFile; fileRef = 26692DAE27546DF9005E8888 /* AccPurchaseManager.swift */; };
		269DFAEE27561C1700F844A8 /* RegisterView.swift in Sources */ = {isa = PBXBuildFile; fileRef = 269DFAED27561C1700F844A8 /* RegisterView.swift */; };
		269DFAF02756201000F844A8 /* ContactInfoView.swift in Sources */ = {isa = PBXBuildFile; fileRef = 269DFAEF2756201000F844A8 /* ContactInfoView.swift */; };
		6BBFA12E5F543E38AB7E54C1 /* Pods_SmartWallet.framework in Frameworks */ = {isa = PBXBuildFile; fileRef = AC3B48B38C0C06CC61ED3AD6 /* Pods_SmartWallet.framework */; };
		9E7C53B7274C32E500090E61 /* AppDelegate.swift in Sources */ = {isa = PBXBuildFile; fileRef = 9E7C53B6274C32E500090E61 /* AppDelegate.swift */; };
		9E7C53B9274C32E500090E61 /* SceneDelegate.swift in Sources */ = {isa = PBXBuildFile; fileRef = 9E7C53B8274C32E500090E61 /* SceneDelegate.swift */; };
		9E7C53BE274C32E500090E61 /* Main.storyboard in Resources */ = {isa = PBXBuildFile; fileRef = 9E7C53BC274C32E500090E61 /* Main.storyboard */; };
		9E7C53C0274C32E600090E61 /* Assets.xcassets in Resources */ = {isa = PBXBuildFile; fileRef = 9E7C53BF274C32E600090E61 /* Assets.xcassets */; };
		9E7C53C3274C32E600090E61 /* LaunchScreen.storyboard in Resources */ = {isa = PBXBuildFile; fileRef = 9E7C53C1274C32E600090E61 /* LaunchScreen.storyboard */; };
		9E7C53E8274C791900090E61 /* PurchasesView.swift in Sources */ = {isa = PBXBuildFile; fileRef = 9E7C53E7274C791900090E61 /* PurchasesView.swift */; };
		9E7C53EA274C792500090E61 /* StatsView.swift in Sources */ = {isa = PBXBuildFile; fileRef = 9E7C53E9274C792500090E61 /* StatsView.swift */; };
		9E7C53EC274C793100090E61 /* SettingsView.swift in Sources */ = {isa = PBXBuildFile; fileRef = 9E7C53EB274C793100090E61 /* SettingsView.swift */; };
		9E7C53EE274C7A0300090E61 /* StartView.swift in Sources */ = {isa = PBXBuildFile; fileRef = 9E7C53ED274C7A0300090E61 /* StartView.swift */; };
		9E7C53F3274C801600090E61 /* SQLManager.swift in Sources */ = {isa = PBXBuildFile; fileRef = 9E7C53F2274C801600090E61 /* SQLManager.swift */; };
		9E7C53F7274C808100090E61 /* PurchaseCell.swift in Sources */ = {isa = PBXBuildFile; fileRef = 9E7C53F6274C808100090E61 /* PurchaseCell.swift */; };
		9E7C53FB274C80DA00090E61 /* PurchaseManager.swift in Sources */ = {isa = PBXBuildFile; fileRef = 9E7C53FA274C80DA00090E61 /* PurchaseManager.swift */; };
		9E7C53FD274CA64000090E61 /* PurchaseItem.swift in Sources */ = {isa = PBXBuildFile; fileRef = 9E7C53FC274CA64000090E61 /* PurchaseItem.swift */; };
		9E7C53FF274DD4EC00090E61 /* TabBarView.swift in Sources */ = {isa = PBXBuildFile; fileRef = 9E7C53FE274DD4EC00090E61 /* TabBarView.swift */; };
/* End PBXBuildFile section */

/* Begin PBXContainerItemProxy section */
		9E7C53CA274C32E600090E61 /* PBXContainerItemProxy */ = {
			isa = PBXContainerItemProxy;
			containerPortal = 9E7C53AB274C32E500090E61 /* Project object */;
			proxyType = 1;
			remoteGlobalIDString = 9E7C53B2274C32E500090E61;
			remoteInfo = SmartWallet;
		};
		9E7C53D4274C32E600090E61 /* PBXContainerItemProxy */ = {
			isa = PBXContainerItemProxy;
			containerPortal = 9E7C53AB274C32E500090E61 /* Project object */;
			proxyType = 1;
			remoteGlobalIDString = 9E7C53B2274C32E500090E61;
			remoteInfo = SmartWallet;
		};
/* End PBXContainerItemProxy section */

/* Begin PBXFileReference section */
		262EF1D22755CE1B0093FDBF /* AddAccountView.swift */ = {isa = PBXFileReference; lastKnownFileType = sourcecode.swift; path = AddAccountView.swift; sourceTree = "<group>"; };
		262EF1D42755CE4C0093FDBF /* AddPurchaseView.swift */ = {isa = PBXFileReference; lastKnownFileType = sourcecode.swift; path = AddPurchaseView.swift; sourceTree = "<group>"; };
		26692D9E27537EFD005E8888 /* AccountsView.swift */ = {isa = PBXFileReference; lastKnownFileType = sourcecode.swift; path = AccountsView.swift; sourceTree = "<group>"; };
		26692DA4275444A3005E8888 /* AccountCell.swift */ = {isa = PBXFileReference; lastKnownFileType = sourcecode.swift; path = AccountCell.swift; sourceTree = "<group>"; };
		26692DA62754458D005E8888 /* AccountItem.swift */ = {isa = PBXFileReference; lastKnownFileType = sourcecode.swift; path = AccountItem.swift; sourceTree = "<group>"; };
		26692DA8275445A0005E8888 /* AccountManager.swift */ = {isa = PBXFileReference; lastKnownFileType = sourcecode.swift; path = AccountManager.swift; sourceTree = "<group>"; };
		26692DAA27545668005E8888 /* AccountView.swift */ = {isa = PBXFileReference; lastKnownFileType = sourcecode.swift; path = AccountView.swift; sourceTree = "<group>"; };
		26692DAC27546DD0005E8888 /* AccPurchaseCell.swift */ = {isa = PBXFileReference; lastKnownFileType = sourcecode.swift; path = AccPurchaseCell.swift; sourceTree = "<group>"; };
		26692DAE27546DF9005E8888 /* AccPurchaseManager.swift */ = {isa = PBXFileReference; lastKnownFileType = sourcecode.swift; path = AccPurchaseManager.swift; sourceTree = "<group>"; };
		269DFAED27561C1700F844A8 /* RegisterView.swift */ = {isa = PBXFileReference; lastKnownFileType = sourcecode.swift; path = RegisterView.swift; sourceTree = "<group>"; };
		269DFAEF2756201000F844A8 /* ContactInfoView.swift */ = {isa = PBXFileReference; lastKnownFileType = sourcecode.swift; path = ContactInfoView.swift; sourceTree = "<group>"; };
		760C12D10AD170DDACEDC7A6 /* Pods-SmartWallet.release.xcconfig */ = {isa = PBXFileReference; includeInIndex = 1; lastKnownFileType = text.xcconfig; name = "Pods-SmartWallet.release.xcconfig"; path = "Target Support Files/Pods-SmartWallet/Pods-SmartWallet.release.xcconfig"; sourceTree = "<group>"; };
		877236C254FF711DA2B2EF09 /* Pods-SmartWallet.debug.xcconfig */ = {isa = PBXFileReference; includeInIndex = 1; lastKnownFileType = text.xcconfig; name = "Pods-SmartWallet.debug.xcconfig"; path = "Target Support Files/Pods-SmartWallet/Pods-SmartWallet.debug.xcconfig"; sourceTree = "<group>"; };
		9E7C53B3274C32E500090E61 /* SmartWallet.app */ = {isa = PBXFileReference; explicitFileType = wrapper.application; includeInIndex = 0; path = SmartWallet.app; sourceTree = BUILT_PRODUCTS_DIR; };
		9E7C53B6274C32E500090E61 /* AppDelegate.swift */ = {isa = PBXFileReference; lastKnownFileType = sourcecode.swift; path = AppDelegate.swift; sourceTree = "<group>"; };
		9E7C53B8274C32E500090E61 /* SceneDelegate.swift */ = {isa = PBXFileReference; lastKnownFileType = sourcecode.swift; path = SceneDelegate.swift; sourceTree = "<group>"; };
		9E7C53BD274C32E500090E61 /* Base */ = {isa = PBXFileReference; lastKnownFileType = file.storyboard; name = Base; path = Base.lproj/Main.storyboard; sourceTree = "<group>"; };
		9E7C53BF274C32E600090E61 /* Assets.xcassets */ = {isa = PBXFileReference; lastKnownFileType = folder.assetcatalog; path = Assets.xcassets; sourceTree = "<group>"; };
		9E7C53C2274C32E600090E61 /* Base */ = {isa = PBXFileReference; lastKnownFileType = file.storyboard; name = Base; path = Base.lproj/LaunchScreen.storyboard; sourceTree = "<group>"; };
		9E7C53C4274C32E600090E61 /* Info.plist */ = {isa = PBXFileReference; lastKnownFileType = text.plist.xml; path = Info.plist; sourceTree = "<group>"; };
		9E7C53C9274C32E600090E61 /* SmartWalletTests.xctest */ = {isa = PBXFileReference; explicitFileType = wrapper.cfbundle; includeInIndex = 0; path = SmartWalletTests.xctest; sourceTree = BUILT_PRODUCTS_DIR; };
		9E7C53D3274C32E600090E61 /* SmartWalletUITests.xctest */ = {isa = PBXFileReference; explicitFileType = wrapper.cfbundle; includeInIndex = 0; path = SmartWalletUITests.xctest; sourceTree = BUILT_PRODUCTS_DIR; };
		9E7C53E7274C791900090E61 /* PurchasesView.swift */ = {isa = PBXFileReference; lastKnownFileType = sourcecode.swift; path = PurchasesView.swift; sourceTree = "<group>"; };
		9E7C53E9274C792500090E61 /* StatsView.swift */ = {isa = PBXFileReference; lastKnownFileType = sourcecode.swift; path = StatsView.swift; sourceTree = "<group>"; };
		9E7C53EB274C793100090E61 /* SettingsView.swift */ = {isa = PBXFileReference; lastKnownFileType = sourcecode.swift; path = SettingsView.swift; sourceTree = "<group>"; };
		9E7C53ED274C7A0300090E61 /* StartView.swift */ = {isa = PBXFileReference; lastKnownFileType = sourcecode.swift; path = StartView.swift; sourceTree = "<group>"; };
		9E7C53F2274C801600090E61 /* SQLManager.swift */ = {isa = PBXFileReference; lastKnownFileType = sourcecode.swift; path = SQLManager.swift; sourceTree = "<group>"; };
		9E7C53F6274C808100090E61 /* PurchaseCell.swift */ = {isa = PBXFileReference; lastKnownFileType = sourcecode.swift; path = PurchaseCell.swift; sourceTree = "<group>"; };
		9E7C53FA274C80DA00090E61 /* PurchaseManager.swift */ = {isa = PBXFileReference; lastKnownFileType = sourcecode.swift; path = PurchaseManager.swift; sourceTree = "<group>"; };
		9E7C53FC274CA64000090E61 /* PurchaseItem.swift */ = {isa = PBXFileReference; lastKnownFileType = sourcecode.swift; path = PurchaseItem.swift; sourceTree = "<group>"; };
		9E7C53FE274DD4EC00090E61 /* TabBarView.swift */ = {isa = PBXFileReference; lastKnownFileType = sourcecode.swift; path = TabBarView.swift; sourceTree = "<group>"; };
		AC3B48B38C0C06CC61ED3AD6 /* Pods_SmartWallet.framework */ = {isa = PBXFileReference; explicitFileType = wrapper.framework; includeInIndex = 0; path = Pods_SmartWallet.framework; sourceTree = BUILT_PRODUCTS_DIR; };
/* End PBXFileReference section */

/* Begin PBXFrameworksBuildPhase section */
		9E7C53B0274C32E500090E61 /* Frameworks */ = {
			isa = PBXFrameworksBuildPhase;
			buildActionMask = 2147483647;
			files = (
				6BBFA12E5F543E38AB7E54C1 /* Pods_SmartWallet.framework in Frameworks */,
			);
			runOnlyForDeploymentPostprocessing = 0;
		};
		9E7C53C6274C32E600090E61 /* Frameworks */ = {
			isa = PBXFrameworksBuildPhase;
			buildActionMask = 2147483647;
			files = (
			);
			runOnlyForDeploymentPostprocessing = 0;
		};
		9E7C53D0274C32E600090E61 /* Frameworks */ = {
			isa = PBXFrameworksBuildPhase;
			buildActionMask = 2147483647;
			files = (
			);
			runOnlyForDeploymentPostprocessing = 0;
		};
/* End PBXFrameworksBuildPhase section */

/* Begin PBXGroup section */
		1D7A878D309231075026B884 /* Pods */ = {
			isa = PBXGroup;
			children = (
				877236C254FF711DA2B2EF09 /* Pods-SmartWallet.debug.xcconfig */,
				760C12D10AD170DDACEDC7A6 /* Pods-SmartWallet.release.xcconfig */,
			);
			path = Pods;
			sourceTree = "<group>";
		};
		9E7C53AA274C32E500090E61 = {
			isa = PBXGroup;
			children = (
				9E7C53E6274C78EC00090E61 /* ViewControllers */,
				9E7C53F1274C7FC100090E61 /* Model */,
				9E7C53F0274C7FB200090E61 /* Controller */,
				9E7C53B5274C32E500090E61 /* SmartWallet */,
				9E7C53B4274C32E500090E61 /* Products */,
				1D7A878D309231075026B884 /* Pods */,
				C9F4067E3B28BE09C0CD037B /* Frameworks */,
			);
			sourceTree = "<group>";
		};
		9E7C53B4274C32E500090E61 /* Products */ = {
			isa = PBXGroup;
			children = (
				9E7C53B3274C32E500090E61 /* SmartWallet.app */,
				9E7C53C9274C32E600090E61 /* SmartWalletTests.xctest */,
				9E7C53D3274C32E600090E61 /* SmartWalletUITests.xctest */,
			);
			name = Products;
			sourceTree = "<group>";
		};
		9E7C53B5274C32E500090E61 /* SmartWallet */ = {
			isa = PBXGroup;
			children = (
				9E7C53B6274C32E500090E61 /* AppDelegate.swift */,
				9E7C53B8274C32E500090E61 /* SceneDelegate.swift */,
				9E7C53BC274C32E500090E61 /* Main.storyboard */,
				9E7C53BF274C32E600090E61 /* Assets.xcassets */,
				9E7C53C1274C32E600090E61 /* LaunchScreen.storyboard */,
				9E7C53C4274C32E600090E61 /* Info.plist */,
			);
			path = SmartWallet;
			sourceTree = "<group>";
		};
		9E7C53E6274C78EC00090E61 /* ViewControllers */ = {
			isa = PBXGroup;
			children = (
				9E7C53E7274C791900090E61 /* PurchasesView.swift */,
				9E7C53E9274C792500090E61 /* StatsView.swift */,
				9E7C53EB274C793100090E61 /* SettingsView.swift */,
				9E7C53ED274C7A0300090E61 /* StartView.swift */,
				9E7C53F6274C808100090E61 /* PurchaseCell.swift */,
				9E7C53FE274DD4EC00090E61 /* TabBarView.swift */,
				26692D9E27537EFD005E8888 /* AccountsView.swift */,
				26692DA4275444A3005E8888 /* AccountCell.swift */,
				26692DAA27545668005E8888 /* AccountView.swift */,
				26692DAC27546DD0005E8888 /* AccPurchaseCell.swift */,
				262EF1D22755CE1B0093FDBF /* AddAccountView.swift */,
				262EF1D42755CE4C0093FDBF /* AddPurchaseView.swift */,
				269DFAED27561C1700F844A8 /* RegisterView.swift */,
				269DFAEF2756201000F844A8 /* ContactInfoView.swift */,
			);
			path = ViewControllers;
			sourceTree = "<group>";
		};
		9E7C53F0274C7FB200090E61 /* Controller */ = {
			isa = PBXGroup;
			children = (
				9E7C53FA274C80DA00090E61 /* PurchaseManager.swift */,
				9E7C53FC274CA64000090E61 /* PurchaseItem.swift */,
				26692DA62754458D005E8888 /* AccountItem.swift */,
				26692DA8275445A0005E8888 /* AccountManager.swift */,
				26692DAE27546DF9005E8888 /* AccPurchaseManager.swift */,
			);
			path = Controller;
			sourceTree = "<group>";
		};
		9E7C53F1274C7FC100090E61 /* Model */ = {
			isa = PBXGroup;
			children = (
				9E7C53F2274C801600090E61 /* SQLManager.swift */,
			);
			path = Model;
			sourceTree = "<group>";
		};
		C9F4067E3B28BE09C0CD037B /* Frameworks */ = {
			isa = PBXGroup;
			children = (
				AC3B48B38C0C06CC61ED3AD6 /* Pods_SmartWallet.framework */,
			);
			name = Frameworks;
			sourceTree = "<group>";
		};
/* End PBXGroup section */

/* Begin PBXNativeTarget section */
		9E7C53B2274C32E500090E61 /* SmartWallet */ = {
			isa = PBXNativeTarget;
			buildConfigurationList = 9E7C53DD274C32E600090E61 /* Build configuration list for PBXNativeTarget "SmartWallet" */;
			buildPhases = (
				E8C3A70470409DD4F445920C /* [CP] Check Pods Manifest.lock */,
				9E7C53AF274C32E500090E61 /* Sources */,
				9E7C53B0274C32E500090E61 /* Frameworks */,
				9E7C53B1274C32E500090E61 /* Resources */,
				C330D6D410BF036C2C93D523 /* [CP] Embed Pods Frameworks */,
			);
			buildRules = (
			);
			dependencies = (
			);
			name = SmartWallet;
			packageProductDependencies = (
			);
			productName = SmartWallet;
			productReference = 9E7C53B3274C32E500090E61 /* SmartWallet.app */;
			productType = "com.apple.product-type.application";
		};
		9E7C53C8274C32E600090E61 /* SmartWalletTests */ = {
			isa = PBXNativeTarget;
			buildConfigurationList = 9E7C53E0274C32E600090E61 /* Build configuration list for PBXNativeTarget "SmartWalletTests" */;
			buildPhases = (
				9E7C53C5274C32E600090E61 /* Sources */,
				9E7C53C6274C32E600090E61 /* Frameworks */,
				9E7C53C7274C32E600090E61 /* Resources */,
			);
			buildRules = (
			);
			dependencies = (
				9E7C53CB274C32E600090E61 /* PBXTargetDependency */,
			);
			name = SmartWalletTests;
			productName = SmartWalletTests;
			productReference = 9E7C53C9274C32E600090E61 /* SmartWalletTests.xctest */;
			productType = "com.apple.product-type.bundle.unit-test";
		};
		9E7C53D2274C32E600090E61 /* SmartWalletUITests */ = {
			isa = PBXNativeTarget;
			buildConfigurationList = 9E7C53E3274C32E600090E61 /* Build configuration list for PBXNativeTarget "SmartWalletUITests" */;
			buildPhases = (
				9E7C53CF274C32E600090E61 /* Sources */,
				9E7C53D0274C32E600090E61 /* Frameworks */,
				9E7C53D1274C32E600090E61 /* Resources */,
			);
			buildRules = (
			);
			dependencies = (
				9E7C53D5274C32E600090E61 /* PBXTargetDependency */,
			);
			name = SmartWalletUITests;
			productName = SmartWalletUITests;
			productReference = 9E7C53D3274C32E600090E61 /* SmartWalletUITests.xctest */;
			productType = "com.apple.product-type.bundle.ui-testing";
		};
/* End PBXNativeTarget section */

/* Begin PBXProject section */
		9E7C53AB274C32E500090E61 /* Project object */ = {
			isa = PBXProject;
			attributes = {
				BuildIndependentTargetsInParallel = 1;
				LastSwiftUpdateCheck = 1310;
				LastUpgradeCheck = 1310;
				TargetAttributes = {
					9E7C53B2274C32E500090E61 = {
						CreatedOnToolsVersion = 13.1;
					};
					9E7C53C8274C32E600090E61 = {
						CreatedOnToolsVersion = 13.1;
						TestTargetID = 9E7C53B2274C32E500090E61;
					};
					9E7C53D2274C32E600090E61 = {
						CreatedOnToolsVersion = 13.1;
						TestTargetID = 9E7C53B2274C32E500090E61;
					};
				};
			};
			buildConfigurationList = 9E7C53AE274C32E500090E61 /* Build configuration list for PBXProject "SmartWallet" */;
			compatibilityVersion = "Xcode 13.0";
			developmentRegion = en;
			hasScannedForEncodings = 0;
			knownRegions = (
				en,
				Base,
			);
			mainGroup = 9E7C53AA274C32E500090E61;
			packageReferences = (
			);
			productRefGroup = 9E7C53B4274C32E500090E61 /* Products */;
			projectDirPath = "";
			projectRoot = "";
			targets = (
				9E7C53B2274C32E500090E61 /* SmartWallet */,
				9E7C53C8274C32E600090E61 /* SmartWalletTests */,
				9E7C53D2274C32E600090E61 /* SmartWalletUITests */,
			);
		};
/* End PBXProject section */

/* Begin PBXResourcesBuildPhase section */
		9E7C53B1274C32E500090E61 /* Resources */ = {
			isa = PBXResourcesBuildPhase;
			buildActionMask = 2147483647;
			files = (
				9E7C53C3274C32E600090E61 /* LaunchScreen.storyboard in Resources */,
				9E7C53C0274C32E600090E61 /* Assets.xcassets in Resources */,
				9E7C53BE274C32E500090E61 /* Main.storyboard in Resources */,
			);
			runOnlyForDeploymentPostprocessing = 0;
		};
		9E7C53C7274C32E600090E61 /* Resources */ = {
			isa = PBXResourcesBuildPhase;
			buildActionMask = 2147483647;
			files = (
			);
			runOnlyForDeploymentPostprocessing = 0;
		};
		9E7C53D1274C32E600090E61 /* Resources */ = {
			isa = PBXResourcesBuildPhase;
			buildActionMask = 2147483647;
			files = (
			);
			runOnlyForDeploymentPostprocessing = 0;
		};
/* End PBXResourcesBuildPhase section */

/* Begin PBXShellScriptBuildPhase section */
		C330D6D410BF036C2C93D523 /* [CP] Embed Pods Frameworks */ = {
			isa = PBXShellScriptBuildPhase;
			buildActionMask = 2147483647;
			files = (
			);
			inputFileListPaths = (
				"${PODS_ROOT}/Target Support Files/Pods-SmartWallet/Pods-SmartWallet-frameworks-${CONFIGURATION}-input-files.xcfilelist",
			);
			name = "[CP] Embed Pods Frameworks";
			outputFileListPaths = (
				"${PODS_ROOT}/Target Support Files/Pods-SmartWallet/Pods-SmartWallet-frameworks-${CONFIGURATION}-output-files.xcfilelist",
			);
			runOnlyForDeploymentPostprocessing = 0;
			shellPath = /bin/sh;
			shellScript = "\"${PODS_ROOT}/Target Support Files/Pods-SmartWallet/Pods-SmartWallet-frameworks.sh\"\n";
			showEnvVarsInLog = 0;
		};
		E8C3A70470409DD4F445920C /* [CP] Check Pods Manifest.lock */ = {
			isa = PBXShellScriptBuildPhase;
			buildActionMask = 2147483647;
			files = (
			);
			inputFileListPaths = (
			);
			inputPaths = (
				"${PODS_PODFILE_DIR_PATH}/Podfile.lock",
				"${PODS_ROOT}/Manifest.lock",
			);
			name = "[CP] Check Pods Manifest.lock";
			outputFileListPaths = (
			);
			outputPaths = (
				"$(DERIVED_FILE_DIR)/Pods-SmartWallet-checkManifestLockResult.txt",
			);
			runOnlyForDeploymentPostprocessing = 0;
			shellPath = /bin/sh;
			shellScript = "diff \"${PODS_PODFILE_DIR_PATH}/Podfile.lock\" \"${PODS_ROOT}/Manifest.lock\" > /dev/null\nif [ $? != 0 ] ; then\n    # print error to STDERR\n    echo \"error: The sandbox is not in sync with the Podfile.lock. Run 'pod install' or update your CocoaPods installation.\" >&2\n    exit 1\nfi\n# This output is used by Xcode 'outputs' to avoid re-running this script phase.\necho \"SUCCESS\" > \"${SCRIPT_OUTPUT_FILE_0}\"\n";
			showEnvVarsInLog = 0;
		};
/* End PBXShellScriptBuildPhase section */

/* Begin PBXSourcesBuildPhase section */
		9E7C53AF274C32E500090E61 /* Sources */ = {
			isa = PBXSourcesBuildPhase;
			buildActionMask = 2147483647;
			files = (
				9E7C53FD274CA64000090E61 /* PurchaseItem.swift in Sources */,
				262EF1D52755CE4C0093FDBF /* AddPurchaseView.swift in Sources */,
				26692DAD27546DD0005E8888 /* AccPurchaseCell.swift in Sources */,
				9E7C53F7274C808100090E61 /* PurchaseCell.swift in Sources */,
				26692DAB27545668005E8888 /* AccountView.swift in Sources */,
				9E7C53F3274C801600090E61 /* SQLManager.swift in Sources */,
				9E7C53EC274C793100090E61 /* SettingsView.swift in Sources */,
				26692DAF27546DF9005E8888 /* AccPurchaseManager.swift in Sources */,
				269DFAEE27561C1700F844A8 /* RegisterView.swift in Sources */,
				9E7C53FB274C80DA00090E61 /* PurchaseManager.swift in Sources */,
				269DFAF02756201000F844A8 /* ContactInfoView.swift in Sources */,
				9E7C53EA274C792500090E61 /* StatsView.swift in Sources */,
				26692DA72754458D005E8888 /* AccountItem.swift in Sources */,
				9E7C53E8274C791900090E61 /* PurchasesView.swift in Sources */,
				9E7C53EE274C7A0300090E61 /* StartView.swift in Sources */,
				9E7C53B7274C32E500090E61 /* AppDelegate.swift in Sources */,
				26692DA5275444A3005E8888 /* AccountCell.swift in Sources */,
				26692D9F27537EFD005E8888 /* AccountsView.swift in Sources */,
				26692DA9275445A0005E8888 /* AccountManager.swift in Sources */,
				9E7C53FF274DD4EC00090E61 /* TabBarView.swift in Sources */,
				9E7C53B9274C32E500090E61 /* SceneDelegate.swift in Sources */,
				262EF1D32755CE1B0093FDBF /* AddAccountView.swift in Sources */,
			);
			runOnlyForDeploymentPostprocessing = 0;
		};
		9E7C53C5274C32E600090E61 /* Sources */ = {
			isa = PBXSourcesBuildPhase;
			buildActionMask = 2147483647;
			files = (
			);
			runOnlyForDeploymentPostprocessing = 0;
		};
		9E7C53CF274C32E600090E61 /* Sources */ = {
			isa = PBXSourcesBuildPhase;
			buildActionMask = 2147483647;
			files = (
			);
			runOnlyForDeploymentPostprocessing = 0;
		};
/* End PBXSourcesBuildPhase section */

/* Begin PBXTargetDependency section */
		9E7C53CB274C32E600090E61 /* PBXTargetDependency */ = {
			isa = PBXTargetDependency;
			target = 9E7C53B2274C32E500090E61 /* SmartWallet */;
			targetProxy = 9E7C53CA274C32E600090E61 /* PBXContainerItemProxy */;
		};
		9E7C53D5274C32E600090E61 /* PBXTargetDependency */ = {
			isa = PBXTargetDependency;
			target = 9E7C53B2274C32E500090E61 /* SmartWallet */;
			targetProxy = 9E7C53D4274C32E600090E61 /* PBXContainerItemProxy */;
		};
/* End PBXTargetDependency section */

/* Begin PBXVariantGroup section */
		9E7C53BC274C32E500090E61 /* Main.storyboard */ = {
			isa = PBXVariantGroup;
			children = (
				9E7C53BD274C32E500090E61 /* Base */,
			);
			name = Main.storyboard;
			sourceTree = "<group>";
		};
		9E7C53C1274C32E600090E61 /* LaunchScreen.storyboard */ = {
			isa = PBXVariantGroup;
			children = (
				9E7C53C2274C32E600090E61 /* Base */,
			);
			name = LaunchScreen.storyboard;
			sourceTree = "<group>";
		};
/* End PBXVariantGroup section */

/* Begin XCBuildConfiguration section */
		9E7C53DB274C32E600090E61 /* Debug */ = {
			isa = XCBuildConfiguration;
			buildSettings = {
				ALWAYS_SEARCH_USER_PATHS = NO;
				CLANG_ANALYZER_NONNULL = YES;
				CLANG_ANALYZER_NUMBER_OBJECT_CONVERSION = YES_AGGRESSIVE;
				CLANG_CXX_LANGUAGE_STANDARD = "gnu++17";
				CLANG_CXX_LIBRARY = "libc++";
				CLANG_ENABLE_MODULES = YES;
				CLANG_ENABLE_OBJC_ARC = YES;
				CLANG_ENABLE_OBJC_WEAK = YES;
				CLANG_WARN_BLOCK_CAPTURE_AUTORELEASING = YES;
				CLANG_WARN_BOOL_CONVERSION = YES;
				CLANG_WARN_COMMA = YES;
				CLANG_WARN_CONSTANT_CONVERSION = YES;
				CLANG_WARN_DEPRECATED_OBJC_IMPLEMENTATIONS = YES;
				CLANG_WARN_DIRECT_OBJC_ISA_USAGE = YES_ERROR;
				CLANG_WARN_DOCUMENTATION_COMMENTS = YES;
				CLANG_WARN_EMPTY_BODY = YES;
				CLANG_WARN_ENUM_CONVERSION = YES;
				CLANG_WARN_INFINITE_RECURSION = YES;
				CLANG_WARN_INT_CONVERSION = YES;
				CLANG_WARN_NON_LITERAL_NULL_CONVERSION = YES;
				CLANG_WARN_OBJC_IMPLICIT_RETAIN_SELF = YES;
				CLANG_WARN_OBJC_LITERAL_CONVERSION = YES;
				CLANG_WARN_OBJC_ROOT_CLASS = YES_ERROR;
				CLANG_WARN_QUOTED_INCLUDE_IN_FRAMEWORK_HEADER = YES;
				CLANG_WARN_RANGE_LOOP_ANALYSIS = YES;
				CLANG_WARN_STRICT_PROTOTYPES = YES;
				CLANG_WARN_SUSPICIOUS_MOVE = YES;
				CLANG_WARN_UNGUARDED_AVAILABILITY = YES_AGGRESSIVE;
				CLANG_WARN_UNREACHABLE_CODE = YES;
				CLANG_WARN__DUPLICATE_METHOD_MATCH = YES;
				COPY_PHASE_STRIP = NO;
				DEBUG_INFORMATION_FORMAT = dwarf;
				ENABLE_STRICT_OBJC_MSGSEND = YES;
				ENABLE_TESTABILITY = YES;
				GCC_C_LANGUAGE_STANDARD = gnu11;
				GCC_DYNAMIC_NO_PIC = NO;
				GCC_NO_COMMON_BLOCKS = YES;
				GCC_OPTIMIZATION_LEVEL = 0;
				GCC_PREPROCESSOR_DEFINITIONS = (
					"DEBUG=1",
					"$(inherited)",
				);
				GCC_WARN_64_TO_32_BIT_CONVERSION = YES;
				GCC_WARN_ABOUT_RETURN_TYPE = YES_ERROR;
				GCC_WARN_UNDECLARED_SELECTOR = YES;
				GCC_WARN_UNINITIALIZED_AUTOS = YES_AGGRESSIVE;
				GCC_WARN_UNUSED_FUNCTION = YES;
				GCC_WARN_UNUSED_VARIABLE = YES;
				IPHONEOS_DEPLOYMENT_TARGET = 13.0;
				MTL_ENABLE_DEBUG_INFO = INCLUDE_SOURCE;
				MTL_FAST_MATH = YES;
				ONLY_ACTIVE_ARCH = YES;
				SDKROOT = iphoneos;
				SWIFT_ACTIVE_COMPILATION_CONDITIONS = DEBUG;
				SWIFT_OPTIMIZATION_LEVEL = "-Onone";
			};
			name = Debug;
		};
		9E7C53DC274C32E600090E61 /* Release */ = {
			isa = XCBuildConfiguration;
			buildSettings = {
				ALWAYS_SEARCH_USER_PATHS = NO;
				CLANG_ANALYZER_NONNULL = YES;
				CLANG_ANALYZER_NUMBER_OBJECT_CONVERSION = YES_AGGRESSIVE;
				CLANG_CXX_LANGUAGE_STANDARD = "gnu++17";
				CLANG_CXX_LIBRARY = "libc++";
				CLANG_ENABLE_MODULES = YES;
				CLANG_ENABLE_OBJC_ARC = YES;
				CLANG_ENABLE_OBJC_WEAK = YES;
				CLANG_WARN_BLOCK_CAPTURE_AUTORELEASING = YES;
				CLANG_WARN_BOOL_CONVERSION = YES;
				CLANG_WARN_COMMA = YES;
				CLANG_WARN_CONSTANT_CONVERSION = YES;
				CLANG_WARN_DEPRECATED_OBJC_IMPLEMENTATIONS = YES;
				CLANG_WARN_DIRECT_OBJC_ISA_USAGE = YES_ERROR;
				CLANG_WARN_DOCUMENTATION_COMMENTS = YES;
				CLANG_WARN_EMPTY_BODY = YES;
				CLANG_WARN_ENUM_CONVERSION = YES;
				CLANG_WARN_INFINITE_RECURSION = YES;
				CLANG_WARN_INT_CONVERSION = YES;
				CLANG_WARN_NON_LITERAL_NULL_CONVERSION = YES;
				CLANG_WARN_OBJC_IMPLICIT_RETAIN_SELF = YES;
				CLANG_WARN_OBJC_LITERAL_CONVERSION = YES;
				CLANG_WARN_OBJC_ROOT_CLASS = YES_ERROR;
				CLANG_WARN_QUOTED_INCLUDE_IN_FRAMEWORK_HEADER = YES;
				CLANG_WARN_RANGE_LOOP_ANALYSIS = YES;
				CLANG_WARN_STRICT_PROTOTYPES = YES;
				CLANG_WARN_SUSPICIOUS_MOVE = YES;
				CLANG_WARN_UNGUARDED_AVAILABILITY = YES_AGGRESSIVE;
				CLANG_WARN_UNREACHABLE_CODE = YES;
				CLANG_WARN__DUPLICATE_METHOD_MATCH = YES;
				COPY_PHASE_STRIP = NO;
				DEBUG_INFORMATION_FORMAT = "dwarf-with-dsym";
				ENABLE_NS_ASSERTIONS = NO;
				ENABLE_STRICT_OBJC_MSGSEND = YES;
				GCC_C_LANGUAGE_STANDARD = gnu11;
				GCC_NO_COMMON_BLOCKS = YES;
				GCC_WARN_64_TO_32_BIT_CONVERSION = YES;
				GCC_WARN_ABOUT_RETURN_TYPE = YES_ERROR;
				GCC_WARN_UNDECLARED_SELECTOR = YES;
				GCC_WARN_UNINITIALIZED_AUTOS = YES_AGGRESSIVE;
				GCC_WARN_UNUSED_FUNCTION = YES;
				GCC_WARN_UNUSED_VARIABLE = YES;
				IPHONEOS_DEPLOYMENT_TARGET = 13.0;
				MTL_ENABLE_DEBUG_INFO = NO;
				MTL_FAST_MATH = YES;
				SDKROOT = iphoneos;
				SWIFT_COMPILATION_MODE = wholemodule;
				SWIFT_OPTIMIZATION_LEVEL = "-O";
				VALIDATE_PRODUCT = YES;
			};
			name = Release;
		};
		9E7C53DE274C32E600090E61 /* Debug */ = {
			isa = XCBuildConfiguration;
			baseConfigurationReference = 877236C254FF711DA2B2EF09 /* Pods-SmartWallet.debug.xcconfig */;
			buildSettings = {
				ASSETCATALOG_COMPILER_APPICON_NAME = AppIcon;
				ASSETCATALOG_COMPILER_GLOBAL_ACCENT_COLOR_NAME = AccentColor;
				CODE_SIGN_STYLE = Automatic;
				CURRENT_PROJECT_VERSION = 1;
				DEVELOPMENT_TEAM = "";
				GENERATE_INFOPLIST_FILE = YES;
				INFOPLIST_FILE = SmartWallet/Info.plist;
				INFOPLIST_KEY_UIApplicationSupportsIndirectInputEvents = YES;
				INFOPLIST_KEY_UILaunchStoryboardName = LaunchScreen;
				INFOPLIST_KEY_UIMainStoryboardFile = Main;
				INFOPLIST_KEY_UISupportedInterfaceOrientations_iPad = "UIInterfaceOrientationPortrait UIInterfaceOrientationPortraitUpsideDown UIInterfaceOrientationLandscapeLeft UIInterfaceOrientationLandscapeRight";
				INFOPLIST_KEY_UISupportedInterfaceOrientations_iPhone = "UIInterfaceOrientationPortrait UIInterfaceOrientationLandscapeLeft UIInterfaceOrientationLandscapeRight";
				LD_RUNPATH_SEARCH_PATHS = (
					"$(inherited)",
					"@executable_path/Frameworks",
				);
				MARKETING_VERSION = 1.0;
				PRODUCT_BUNDLE_IDENTIFIER = ASU.SmartWallet;
				PRODUCT_NAME = "$(TARGET_NAME)";
				SWIFT_EMIT_LOC_STRINGS = YES;
				SWIFT_VERSION = 5.0;
				TARGETED_DEVICE_FAMILY = "1,2";
			};
			name = Debug;
		};
		9E7C53DF274C32E600090E61 /* Release */ = {
			isa = XCBuildConfiguration;
			baseConfigurationReference = 760C12D10AD170DDACEDC7A6 /* Pods-SmartWallet.release.xcconfig */;
			buildSettings = {
				ASSETCATALOG_COMPILER_APPICON_NAME = AppIcon;
				ASSETCATALOG_COMPILER_GLOBAL_ACCENT_COLOR_NAME = AccentColor;
				CODE_SIGN_STYLE = Automatic;
				CURRENT_PROJECT_VERSION = 1;
				DEVELOPMENT_TEAM = "";
				GENERATE_INFOPLIST_FILE = YES;
				INFOPLIST_FILE = SmartWallet/Info.plist;
				INFOPLIST_KEY_UIApplicationSupportsIndirectInputEvents = YES;
				INFOPLIST_KEY_UILaunchStoryboardName = LaunchScreen;
				INFOPLIST_KEY_UIMainStoryboardFile = Main;
				INFOPLIST_KEY_UISupportedInterfaceOrientations_iPad = "UIInterfaceOrientationPortrait UIInterfaceOrientationPortraitUpsideDown UIInterfaceOrientationLandscapeLeft UIInterfaceOrientationLandscapeRight";
				INFOPLIST_KEY_UISupportedInterfaceOrientations_iPhone = "UIInterfaceOrientationPortrait UIInterfaceOrientationLandscapeLeft UIInterfaceOrientationLandscapeRight";
				LD_RUNPATH_SEARCH_PATHS = (
					"$(inherited)",
					"@executable_path/Frameworks",
				);
				MARKETING_VERSION = 1.0;
				PRODUCT_BUNDLE_IDENTIFIER = ASU.SmartWallet;
				PRODUCT_NAME = "$(TARGET_NAME)";
				SWIFT_EMIT_LOC_STRINGS = YES;
				SWIFT_VERSION = 5.0;
				TARGETED_DEVICE_FAMILY = "1,2";
			};
			name = Release;
		};
		9E7C53E1274C32E600090E61 /* Debug */ = {
			isa = XCBuildConfiguration;
			buildSettings = {
				ALWAYS_EMBED_SWIFT_STANDARD_LIBRARIES = YES;
				BUNDLE_LOADER = "$(TEST_HOST)";
				CODE_SIGN_STYLE = Automatic;
				CURRENT_PROJECT_VERSION = 1;
				GENERATE_INFOPLIST_FILE = YES;
				IPHONEOS_DEPLOYMENT_TARGET = 15.0;
				LD_RUNPATH_SEARCH_PATHS = (
					"$(inherited)",
					"@executable_path/Frameworks",
					"@loader_path/Frameworks",
				);
				MARKETING_VERSION = 1.0;
				PRODUCT_BUNDLE_IDENTIFIER = ASU.SmartWalletTests;
				PRODUCT_NAME = "$(TARGET_NAME)";
				SWIFT_EMIT_LOC_STRINGS = NO;
				SWIFT_VERSION = 5.0;
				TARGETED_DEVICE_FAMILY = "1,2";
				TEST_HOST = "$(BUILT_PRODUCTS_DIR)/SmartWallet.app/SmartWallet";
			};
			name = Debug;
		};
		9E7C53E2274C32E600090E61 /* Release */ = {
			isa = XCBuildConfiguration;
			buildSettings = {
				ALWAYS_EMBED_SWIFT_STANDARD_LIBRARIES = YES;
				BUNDLE_LOADER = "$(TEST_HOST)";
				CODE_SIGN_STYLE = Automatic;
				CURRENT_PROJECT_VERSION = 1;
				GENERATE_INFOPLIST_FILE = YES;
				IPHONEOS_DEPLOYMENT_TARGET = 15.0;
				LD_RUNPATH_SEARCH_PATHS = (
					"$(inherited)",
					"@executable_path/Frameworks",
					"@loader_path/Frameworks",
				);
				MARKETING_VERSION = 1.0;
				PRODUCT_BUNDLE_IDENTIFIER = ASU.SmartWalletTests;
				PRODUCT_NAME = "$(TARGET_NAME)";
				SWIFT_EMIT_LOC_STRINGS = NO;
				SWIFT_VERSION = 5.0;
				TARGETED_DEVICE_FAMILY = "1,2";
				TEST_HOST = "$(BUILT_PRODUCTS_DIR)/SmartWallet.app/SmartWallet";
			};
			name = Release;
		};
		9E7C53E4274C32E600090E61 /* Debug */ = {
			isa = XCBuildConfiguration;
			buildSettings = {
				ALWAYS_EMBED_SWIFT_STANDARD_LIBRARIES = YES;
				CODE_SIGN_STYLE = Automatic;
				CURRENT_PROJECT_VERSION = 1;
				GENERATE_INFOPLIST_FILE = YES;
				LD_RUNPATH_SEARCH_PATHS = (
					"$(inherited)",
					"@executable_path/Frameworks",
					"@loader_path/Frameworks",
				);
				MARKETING_VERSION = 1.0;
				PRODUCT_BUNDLE_IDENTIFIER = ASU.SmartWalletUITests;
				PRODUCT_NAME = "$(TARGET_NAME)";
				SWIFT_EMIT_LOC_STRINGS = NO;
				SWIFT_VERSION = 5.0;
				TARGETED_DEVICE_FAMILY = "1,2";
				TEST_TARGET_NAME = SmartWallet;
			};
			name = Debug;
		};
		9E7C53E5274C32E600090E61 /* Release */ = {
			isa = XCBuildConfiguration;
			buildSettings = {
				ALWAYS_EMBED_SWIFT_STANDARD_LIBRARIES = YES;
				CODE_SIGN_STYLE = Automatic;
				CURRENT_PROJECT_VERSION = 1;
				GENERATE_INFOPLIST_FILE = YES;
				LD_RUNPATH_SEARCH_PATHS = (
					"$(inherited)",
					"@executable_path/Frameworks",
					"@loader_path/Frameworks",
				);
				MARKETING_VERSION = 1.0;
				PRODUCT_BUNDLE_IDENTIFIER = ASU.SmartWalletUITests;
				PRODUCT_NAME = "$(TARGET_NAME)";
				SWIFT_EMIT_LOC_STRINGS = NO;
				SWIFT_VERSION = 5.0;
				TARGETED_DEVICE_FAMILY = "1,2";
				TEST_TARGET_NAME = SmartWallet;
			};
			name = Release;
		};
/* End XCBuildConfiguration section */

/* Begin XCConfigurationList section */
		9E7C53AE274C32E500090E61 /* Build configuration list for PBXProject "SmartWallet" */ = {
			isa = XCConfigurationList;
			buildConfigurations = (
				9E7C53DB274C32E600090E61 /* Debug */,
				9E7C53DC274C32E600090E61 /* Release */,
			);
			defaultConfigurationIsVisible = 0;
			defaultConfigurationName = Release;
		};
		9E7C53DD274C32E600090E61 /* Build configuration list for PBXNativeTarget "SmartWallet" */ = {
			isa = XCConfigurationList;
			buildConfigurations = (
				9E7C53DE274C32E600090E61 /* Debug */,
				9E7C53DF274C32E600090E61 /* Release */,
			);
			defaultConfigurationIsVisible = 0;
			defaultConfigurationName = Release;
		};
		9E7C53E0274C32E600090E61 /* Build configuration list for PBXNativeTarget "SmartWalletTests" */ = {
			isa = XCConfigurationList;
			buildConfigurations = (
				9E7C53E1274C32E600090E61 /* Debug */,
				9E7C53E2274C32E600090E61 /* Release */,
			);
			defaultConfigurationIsVisible = 0;
			defaultConfigurationName = Release;
		};
		9E7C53E3274C32E600090E61 /* Build configuration list for PBXNativeTarget "SmartWalletUITests" */ = {
			isa = XCConfigurationList;
			buildConfigurations = (
				9E7C53E4274C32E600090E61 /* Debug */,
				9E7C53E5274C32E600090E61 /* Release */,
			);
			defaultConfigurationIsVisible = 0;
			defaultConfigurationName = Release;
		};
/* End XCConfigurationList section */
	};
	rootObject = 9E7C53AB274C32E500090E61 /* Project object */;
}
